<?xml version="1.0" encoding="utf-8"?>
<Project ToolsVersion="4.0" xmlns="http://schemas.microsoft.com/developer/msbuild/2003">
  <ItemGroup>
    <Filter Include="소스 파일">
      <UniqueIdentifier>{4FC737F1-C7A5-4376-A066-2A32D752A2FF}</UniqueIdentifier>
      <Extensions>cpp;c;cc;cxx;c++;cppm;ixx;def;odl;idl;hpj;bat;asm;asmx</Extensions>
    </Filter>
    <Filter Include="헤더 파일">
      <UniqueIdentifier>{93995380-89BD-4b04-88EB-625FBE52EBFB}</UniqueIdentifier>
      <Extensions>h;hh;hpp;hxx;h++;hm;inl;inc;ipp;xsd</Extensions>
    </Filter>
    <Filter Include="리소스 파일">
      <UniqueIdentifier>{67DA6AB6-F800-4c08-8B7A-83BB121AAD01}</UniqueIdentifier>
      <Extensions>rc;ico;cur;bmp;dlg;rc2;rct;bin;rgs;gif;jpg;jpeg;jpe;resx;tiff;tif;png;wav;mfcribbon-ms</Extensions>
    </Filter>
    <Filter Include="소스 파일\Item">
      <UniqueIdentifier>{5ca81dcc-3444-45a6-a766-c0f4ea602740}</UniqueIdentifier>
    </Filter>
    <Filter Include="소스 파일\menu">
      <UniqueIdentifier>{33e4eb80-ab52-492a-8557-e792abb77dd2}</UniqueIdentifier>
    </Filter>
    <Filter Include="헤더 파일\Item">
      <UniqueIdentifier>{c72dc4a2-433f-4e07-86b4-57b59ae83b55}</UniqueIdentifier>
    </Filter>
  </ItemGroup>
  <ItemGroup>
    <ClCompile Include="Character.cpp">
      <Filter>소스 파일</Filter>
    </ClCompile>
    <ClCompile Include="Monster.cpp">
      <Filter>소스 파일</Filter>
    </ClCompile>
    <ClCompile Include="HealthPotion.cpp">
      <Filter>소스 파일\Item</Filter>
    </ClCompile>
    <ClCompile Include="Item.cpp">
      <Filter>소스 파일\Item</Filter>
    </ClCompile>
    <ClCompile Include="Gamemanager.cpp">
      <Filter>소스 파일\menu</Filter>
    </ClCompile>
    <ClCompile Include="AttackPotion.cpp">
      <Filter>소스 파일\Item</Filter>
    </ClCompile>
    <ClCompile Include="Start.cpp">
      <Filter>소스 파일\menu</Filter>
    </ClCompile>
  </ItemGroup>
  <ItemGroup>
    <ClInclude Include="Character.h">
      <Filter>헤더 파일</Filter>
    </ClInclude>
    <ClInclude Include="Gamemanager.h">
      <Filter>헤더 파일</Filter>
    </ClInclude>
    <ClInclude Include="Monster.h">
      <Filter>헤더 파일</Filter>
    </ClInclude>
    <ClInclude Include="HealthPotion.h">
      <Filter>헤더 파일\Item</Filter>
    </ClInclude>
    <ClInclude Include="Item.h">
      <Filter>헤더 파일\Item</Filter>
    </ClInclude>
    <ClInclude Include="AttackPotion.h">
      <Filter>헤더 파일\Item</Filter>
    </ClInclude>
  </ItemGroup>
</Project>